// !$*UTF8*$!
{
	archiveVersion = 1;
	classes = {
	};
	objectVersion = 55;
	objects = {

/* Begin PBXBuildFile section */
		98CAECBE284238CE00704984 /* DrawingAndAnimationApp.swift in Sources */ = {isa = PBXBuildFile; fileRef = 98CAECBD284238CE00704984 /* DrawingAndAnimationApp.swift */; };
		98CAECC0284238CE00704984 /* ContentView.swift in Sources */ = {isa = PBXBuildFile; fileRef = 98CAECBF284238CE00704984 /* ContentView.swift */; };
		98CAECC5284238D000704984 /* Preview Assets.xcassets in Resources */ = {isa = PBXBuildFile; fileRef = 98CAECC4284238D000704984 /* Preview Assets.xcassets */; };
		98CAECCC2842391400704984 /* HexagonParameters.swift in Sources */ = {isa = PBXBuildFile; fileRef = 98CAECCB2842391400704984 /* HexagonParameters.swift */; };
		98CAECCE28423DCF00704984 /* BadgeBackground.swift in Sources */ = {isa = PBXBuildFile; fileRef = 98CAECCD28423DCF00704984 /* BadgeBackground.swift */; };
		98CAECD0284CD1D500704984 /* Assets.xcassets in Resources */ = {isa = PBXBuildFile; fileRef = 98CAECCF284CD1D500704984 /* Assets.xcassets */; };
		98CAECD2284CD36E00704984 /* BadgeSymbol.swift in Sources */ = {isa = PBXBuildFile; fileRef = 98CAECD1284CD36E00704984 /* BadgeSymbol.swift */; };
		98CAECD4284D7CBF00704984 /* RotatedBadgeSymbol.swift in Sources */ = {isa = PBXBuildFile; fileRef = 98CAECD3284D7CBF00704984 /* RotatedBadgeSymbol.swift */; };
/* End PBXBuildFile section */

/* Begin PBXFileReference section */
		98CAECBA284238CE00704984 /* DrawingAndAnimation.app */ = {isa = PBXFileReference; explicitFileType = wrapper.application; includeInIndex = 0; path = DrawingAndAnimation.app; sourceTree = BUILT_PRODUCTS_DIR; };
		98CAECBD284238CE00704984 /* DrawingAndAnimationApp.swift */ = {isa = PBXFileReference; lastKnownFileType = sourcecode.swift; path = DrawingAndAnimationApp.swift; sourceTree = "<group>"; };
		98CAECBF284238CE00704984 /* ContentView.swift */ = {isa = PBXFileReference; lastKnownFileType = sourcecode.swift; path = ContentView.swift; sourceTree = "<group>"; };
		98CAECC4284238D000704984 /* Preview Assets.xcassets */ = {isa = PBXFileReference; lastKnownFileType = folder.assetcatalog; path = "Preview Assets.xcassets"; sourceTree = "<group>"; };
		98CAECCB2842391400704984 /* HexagonParameters.swift */ = {isa = PBXFileReference; lastKnownFileType = sourcecode.swift; path = HexagonParameters.swift; sourceTree = "<group>"; };
		98CAECCD28423DCF00704984 /* BadgeBackground.swift */ = {isa = PBXFileReference; lastKnownFileType = sourcecode.swift; path = BadgeBackground.swift; sourceTree = "<group>"; };
		98CAECCF284CD1D500704984 /* Assets.xcassets */ = {isa = PBXFileReference; lastKnownFileType = folder.assetcatalog; name = Assets.xcassets; path = ../../../../Downloads/DrawingPathsAndShapes/Complete/Landmarks/Assets.xcassets; sourceTree = "<group>"; };
		98CAECD1284CD36E00704984 /* BadgeSymbol.swift */ = {isa = PBXFileReference; lastKnownFileType = sourcecode.swift; path = BadgeSymbol.swift; sourceTree = "<group>"; };
		98CAECD3284D7CBF00704984 /* RotatedBadgeSymbol.swift */ = {isa = PBXFileReference; lastKnownFileType = sourcecode.swift; path = RotatedBadgeSymbol.swift; sourceTree = "<group>"; };
/* End PBXFileReference section */

/* Begin PBXFrameworksBuildPhase section */
		98CAECB7284238CE00704984 /* Frameworks */ = {
			isa = PBXFrameworksBuildPhase;
			buildActionMask = 2147483647;
			files = (
			);
			runOnlyForDeploymentPostprocessing = 0;
		};
/* End PBXFrameworksBuildPhase section */

/* Begin PBXGroup section */
		98CAECB1284238CE00704984 = {
			isa = PBXGroup;
			children = (
				98CAECBC284238CE00704984 /* DrawingAndAnimation */,
				98CAECBB284238CE00704984 /* Products */,
			);
			sourceTree = "<group>";
		};
		98CAECBB284238CE00704984 /* Products */ = {
			isa = PBXGroup;
			children = (
				98CAECBA284238CE00704984 /* DrawingAndAnimation.app */,
			);
			name = Products;
			sourceTree = "<group>";
		};
		98CAECBC284238CE00704984 /* DrawingAndAnimation */ = {
			isa = PBXGroup;
			children = (
				98CAECBD284238CE00704984 /* DrawingAndAnimationApp.swift */,
				98CAECBF284238CE00704984 /* ContentView.swift */,
				98CAECCB2842391400704984 /* HexagonParameters.swift */,
				98CAECCD28423DCF00704984 /* BadgeBackground.swift */,
				98CAECD1284CD36E00704984 /* BadgeSymbol.swift */,
				98CAECD3284D7CBF00704984 /* RotatedBadgeSymbol.swift */,
				98CAECCF284CD1D500704984 /* Assets.xcassets */,
				98CAECC3284238D000704984 /* Preview Content */,
			);
			path = DrawingAndAnimation;
			sourceTree = "<group>";
		};
		98CAECC3284238D000704984 /* Preview Content */ = {
			isa = PBXGroup;
			children = (
				98CAECC4284238D000704984 /* Preview Assets.xcassets */,
			);
			path = "Preview Content";
			sourceTree = "<group>";
		};
/* End PBXGroup section */

/* Begin PBXNativeTarget section */
		98CAECB9284238CE00704984 /* DrawingAndAnimation */ = {
			isa = PBXNativeTarget;
			buildConfigurationList = 98CAECC8284238D000704984 /* Build configuration list for PBXNativeTarget "DrawingAndAnimation" */;
			buildPhases = (
				98CAECB6284238CE00704984 /* Sources */,
				98CAECB7284238CE00704984 /* Frameworks */,
				98CAECB8284238CE00704984 /* Resources */,
			);
			buildRules = (
			);
			dependencies = (
			);
			name = DrawingAndAnimation;
			productName = DrawingAndAnimation;
			productReference = 98CAECBA284238CE00704984 /* DrawingAndAnimation.app */;
			productType = "com.apple.product-type.application";
		};
/* End PBXNativeTarget section */

/* Begin PBXProject section */
		98CAECB2284238CE00704984 /* Project object */ = {
			isa = PBXProject;
			attributes = {
				BuildIndependentTargetsInParallel = 1;
				LastSwiftUpdateCheck = 1330;
				LastUpgradeCheck = 1330;
				TargetAttributes = {
					98CAECB9284238CE00704984 = {
						CreatedOnToolsVersion = 13.3;
					};
				};
			};
			buildConfigurationList = 98CAECB5284238CE00704984 /* Build configuration list for PBXProject "DrawingAndAnimation" */;
			compatibilityVersion = "Xcode 13.0";
			developmentRegion = en;
			hasScannedForEncodings = 0;
			knownRegions = (
				en,
				Base,
			);
			mainGroup = 98CAECB1284238CE00704984;
			productRefGroup = 98CAECBB284238CE00704984 /* Products */;
			projectDirPath = "";
			projectRoot = "";
			targets = (
				98CAECB9284238CE00704984 /* DrawingAndAnimation */,
			);
		};
/* End PBXProject section */

/* Begin PBXResourcesBuildPhase section */
		98CAECB8284238CE00704984 /* Resources */ = {
			isa = PBXResourcesBuildPhase;
			buildActionMask = 2147483647;
			files = (
				98CAECC5284238D000704984 /* Preview Assets.xcassets in Resources */,
				98CAECD0284CD1D500704984 /* Assets.xcassets in Resources */,
			);
			runOnlyForDeploymentPostprocessing = 0;
		};
/* End PBXResourcesBuildPhase section */

/* Begin PBXSourcesBuildPhase section */
		98CAECB6284238CE00704984 /* Sources */ = {
			isa = PBXSourcesBuildPhase;
			buildActionMask = 2147483647;
			files = (
				98CAECCC2842391400704984 /* HexagonParameters.swift in Sources */,
				98CAECC0284238CE00704984 /* ContentView.swift in Sources */,
				98CAECBE284238CE00704984 /* DrawingAndAnimationApp.swift in Sources */,
				98CAECD2284CD36E00704984 /* BadgeSymbol.swift in Sources */,
				98CAECCE28423DCF00704984 /* BadgeBackground.swift in Sources */,
				98CAECD4284D7CBF00704984 /* RotatedBadgeSymbol.swift in Sources */,
			);
			runOnlyForDeploymentPostprocessing = 0;
		};
/* End PBXSourcesBuildPhase section */

/* Begin XCBuildConfiguration section */
		98CAECC6284238D000704984 /* Debug */ = {
			isa = XCBuildConfiguration;
			buildSettings = {
				ALWAYS_SEARCH_USER_PATHS = NO;
				CLANG_ANALYZER_NONNULL = YES;
				CLANG_ANALYZER_NUMBER_OBJECT_CONVERSION = YES_AGGRESSIVE;
				CLANG_CXX_LANGUAGE_STANDARD = "gnu++17";
				CLANG_ENABLE_MODULES = YES;
				CLANG_ENABLE_OBJC_ARC = YES;
				CLANG_ENABLE_OBJC_WEAK = YES;
				CLANG_WARN_BLOCK_CAPTURE_AUTORELEASING = YES;
				CLANG_WARN_BOOL_CONVERSION = YES;
				CLANG_WARN_COMMA = YES;
				CLANG_WARN_CONSTANT_CONVERSION = YES;
				CLANG_WARN_DEPRECATED_OBJC_IMPLEMENTATIONS = YES;
				CLANG_WARN_DIRECT_OBJC_ISA_USAGE = YES_ERROR;
				CLANG_WARN_DOCUMENTATION_COMMENTS = YES;
				CLANG_WARN_EMPTY_BODY = YES;
				CLANG_WARN_ENUM_CONVERSION = YES;
				CLANG_WARN_INFINITE_RECURSION = YES;
				CLANG_WARN_INT_CONVERSION = YES;
				CLANG_WARN_NON_LITERAL_NULL_CONVERSION = YES;
				CLANG_WARN_OBJC_IMPLICIT_RETAIN_SELF = YES;
				CLANG_WARN_OBJC_LITERAL_CONVERSION = YES;
				CLANG_WARN_OBJC_ROOT_CLASS = YES_ERROR;
				CLANG_WARN_QUOTED_INCLUDE_IN_FRAMEWORK_HEADER = YES;
				CLANG_WARN_RANGE_LOOP_ANALYSIS = YES;
				CLANG_WARN_STRICT_PROTOTYPES = YES;
				CLANG_WARN_SUSPICIOUS_MOVE = YES;
				CLANG_WARN_UNGUARDED_AVAILABILITY = YES_AGGRESSIVE;
				CLANG_WARN_UNREACHABLE_CODE = YES;
				CLANG_WARN__DUPLICATE_METHOD_MATCH = YES;
				COPY_PHASE_STRIP = NO;
				DEBUG_INFORMATION_FORMAT = dwarf;
				ENABLE_STRICT_OBJC_MSGSEND = YES;
				ENABLE_TESTABILITY = YES;
				GCC_C_LANGUAGE_STANDARD = gnu11;
				GCC_DYNAMIC_NO_PIC = NO;
				GCC_NO_COMMON_BLOCKS = YES;
				GCC_OPTIMIZATION_LEVEL = 0;
				GCC_PREPROCESSOR_DEFINITIONS = (
					"DEBUG=1",
					"$(inherited)",
				);
				GCC_WARN_64_TO_32_BIT_CONVERSION = YES;
				GCC_WARN_ABOUT_RETURN_TYPE = YES_ERROR;
				GCC_WARN_UNDECLARED_SELECTOR = YES;
				GCC_WARN_UNINITIALIZED_AUTOS = YES_AGGRESSIVE;
				GCC_WARN_UNUSED_FUNCTION = YES;
				GCC_WARN_UNUSED_VARIABLE = YES;
				IPHONEOS_DEPLOYMENT_TARGET = 15.4;
				MTL_ENABLE_DEBUG_INFO = INCLUDE_SOURCE;
				MTL_FAST_MATH = YES;
				ONLY_ACTIVE_ARCH = YES;
				SDKROOT = iphoneos;
				SWIFT_ACTIVE_COMPILATION_CONDITIONS = DEBUG;
				SWIFT_OPTIMIZATION_LEVEL = "-Onone";
			};
			name = Debug;
		};
		98CAECC7284238D000704984 /* Release */ = {
			isa = XCBuildConfiguration;
			buildSettings = {
				ALWAYS_SEARCH_USER_PATHS = NO;
				CLANG_ANALYZER_NONNULL = YES;
				CLANG_ANALYZER_NUMBER_OBJECT_CONVERSION = YES_AGGRESSIVE;
				CLANG_CXX_LANGUAGE_STANDARD = "gnu++17";
				CLANG_ENABLE_MODULES = YES;
				CLANG_ENABLE_OBJC_ARC = YES;
				CLANG_ENABLE_OBJC_WEAK = YES;
				CLANG_WARN_BLOCK_CAPTURE_AUTORELEASING = YES;
				CLANG_WARN_BOOL_CONVERSION = YES;
				CLANG_WARN_COMMA = YES;
				CLANG_WARN_CONSTANT_CONVERSION = YES;
				CLANG_WARN_DEPRECATED_OBJC_IMPLEMENTATIONS = YES;
				CLANG_WARN_DIRECT_OBJC_ISA_USAGE = YES_ERROR;
				CLANG_WARN_DOCUMENTATION_COMMENTS = YES;
				CLANG_WARN_EMPTY_BODY = YES;
				CLANG_WARN_ENUM_CONVERSION = YES;
				CLANG_WARN_INFINITE_RECURSION = YES;
				CLANG_WARN_INT_CONVERSION = YES;
				CLANG_WARN_NON_LITERAL_NULL_CONVERSION = YES;
				CLANG_WARN_OBJC_IMPLICIT_RETAIN_SELF = YES;
				CLANG_WARN_OBJC_LITERAL_CONVERSION = YES;
				CLANG_WARN_OBJC_ROOT_CLASS = YES_ERROR;
				CLANG_WARN_QUOTED_INCLUDE_IN_FRAMEWORK_HEADER = YES;
				CLANG_WARN_RANGE_LOOP_ANALYSIS = YES;
				CLANG_WARN_STRICT_PROTOTYPES = YES;
				CLANG_WARN_SUSPICIOUS_MOVE = YES;
				CLANG_WARN_UNGUARDED_AVAILABILITY = YES_AGGRESSIVE;
				CLANG_WARN_UNREACHABLE_CODE = YES;
				CLANG_WARN__DUPLICATE_METHOD_MATCH = YES;
				COPY_PHASE_STRIP = NO;
				DEBUG_INFORMATION_FORMAT = "dwarf-with-dsym";
				ENABLE_NS_ASSERTIONS = NO;
				ENABLE_STRICT_OBJC_MSGSEND = YES;
				GCC_C_LANGUAGE_STANDARD = gnu11;
				GCC_NO_COMMON_BLOCKS = YES;
				GCC_WARN_64_TO_32_BIT_CONVERSION = YES;
				GCC_WARN_ABOUT_RETURN_TYPE = YES_ERROR;
				GCC_WARN_UNDECLARED_SELECTOR = YES;
				GCC_WARN_UNINITIALIZED_AUTOS = YES_AGGRESSIVE;
				GCC_WARN_UNUSED_FUNCTION = YES;
				GCC_WARN_UNUSED_VARIABLE = YES;
				IPHONEOS_DEPLOYMENT_TARGET = 15.4;
				MTL_ENABLE_DEBUG_INFO = NO;
				MTL_FAST_MATH = YES;
				SDKROOT = iphoneos;
				SWIFT_COMPILATION_MODE = wholemodule;
				SWIFT_OPTIMIZATION_LEVEL = "-O";
				VALIDATE_PRODUCT = YES;
			};
			name = Release;
		};
		98CAECC9284238D000704984 /* Debug */ = {
			isa = XCBuildConfiguration;
			buildSettings = {
				ASSETCATALOG_COMPILER_APPICON_NAME = AppIcon;
				ASSETCATALOG_COMPILER_GLOBAL_ACCENT_COLOR_NAME = AccentColor;
				CODE_SIGN_STYLE = Automatic;
				CURRENT_PROJECT_VERSION = 1;
				DEVELOPMENT_ASSET_PATHS = "\"DrawingAndAnimation/Preview Content\"";
				DEVELOPMENT_TEAM = XG9UCHUCSL;
				ENABLE_PREVIEWS = YES;
				GENERATE_INFOPLIST_FILE = YES;
				INFOPLIST_KEY_UIApplicationSceneManifest_Generation = YES;
				INFOPLIST_KEY_UIApplicationSupportsIndirectInputEvents = YES;
				INFOPLIST_KEY_UILaunchScreen_Generation = YES;
				INFOPLIST_KEY_UISupportedInterfaceOrientations_iPad = "UIInterfaceOrientationPortrait UIInterfaceOrientationPortraitUpsideDown UIInterfaceOrientationLandscapeLeft UIInterfaceOrientationLandscapeRight";
				INFOPLIST_KEY_UISupportedInterfaceOrientations_iPhone = "UIInterfaceOrientationPortrait UIInterfaceOrientationLandscapeLeft UIInterfaceOrientationLandscapeRight";
				LD_RUNPATH_SEARCH_PATHS = (
					"$(inherited)",
					"@executable_path/Frameworks",
				);
				MARKETING_VERSION = 1.0;
				PRODUCT_BUNDLE_IDENTIFIER = com.aeg.qed.DrawingAndAnimation;
				PRODUCT_NAME = "$(TARGET_NAME)";
				SWIFT_EMIT_LOC_STRINGS = YES;
				SWIFT_VERSION = 5.0;
				TARGETED_DEVICE_FAMILY = "1,2";
			};
			name = Debug;
		};
		98CAECCA284238D000704984 /* Release */ = {
			isa = XCBuildConfiguration;
			buildSettings = {
				ASSETCATALOG_COMPILER_APPICON_NAME = AppIcon;
				ASSETCATALOG_COMPILER_GLOBAL_ACCENT_COLOR_NAME = AccentColor;
				CODE_SIGN_STYLE = Automatic;
				CURRENT_PROJECT_VERSION = 1;
				DEVELOPMENT_ASSET_PATHS = "\"DrawingAndAnimation/Preview Content\"";
				DEVELOPMENT_TEAM = XG9UCHUCSL;
				ENABLE_PREVIEWS = YES;
				GENERATE_INFOPLIST_FILE = YES;
				INFOPLIST_KEY_UIApplicationSceneManifest_Generation = YES;
				INFOPLIST_KEY_UIApplicationSupportsIndirectInputEvents = YES;
				INFOPLIST_KEY_UILaunchScreen_Generation = YES;
				INFOPLIST_KEY_UISupportedInterfaceOrientations_iPad = "UIInterfaceOrientationPortrait UIInterfaceOrientationPortraitUpsideDown UIInterfaceOrientationLandscapeLeft UIInterfaceOrientationLandscapeRight";
				INFOPLIST_KEY_UISupportedInterfaceOrientations_iPhone = "UIInterfaceOrientationPortrait UIInterfaceOrientationLandscapeLeft UIInterfaceOrientationLandscapeRight";
				LD_RUNPATH_SEARCH_PATHS = (
					"$(inherited)",
					"@executable_path/Frameworks",
				);
				MARKETING_VERSION = 1.0;
				PRODUCT_BUNDLE_IDENTIFIER = com.aeg.qed.DrawingAndAnimation;
				PRODUCT_NAME = "$(TARGET_NAME)";
				SWIFT_EMIT_LOC_STRINGS = YES;
				SWIFT_VERSION = 5.0;
				TARGETED_DEVICE_FAMILY = "1,2";
			};
			name = Release;
		};
/* End XCBuildConfiguration section */

/* Begin XCConfigurationList section */
		98CAECB5284238CE00704984 /* Build configuration list for PBXProject "DrawingAndAnimation" */ = {
			isa = XCConfigurationList;
			buildConfigurations = (
				98CAECC6284238D000704984 /* Debug */,
				98CAECC7284238D000704984 /* Release */,
			);
			defaultConfigurationIsVisible = 0;
			defaultConfigurationName = Release;
		};
		98CAECC8284238D000704984 /* Build configuration list for PBXNativeTarget "DrawingAndAnimation" */ = {
			isa = XCConfigurationList;
			buildConfigurations = (
				98CAECC9284238D000704984 /* Debug */,
				98CAECCA284238D000704984 /* Release */,
			);
			defaultConfigurationIsVisible = 0;
			defaultConfigurationName = Release;
		};
/* End XCConfigurationList section */
	};
	rootObject = 98CAECB2284238CE00704984 /* Project object */;
}
